// !$*UTF8*$!
{
	archiveVersion = 1;
	classes = {
	};
	objectVersion = 46;
	objects = {

/* Begin PBXBuildFile section */
		8E3922771C64B4BF005757CD /* CCSingleLinkedList.m in Sources */ = {isa = PBXBuildFile; fileRef = 8E3922761C64B4BF005757CD /* CCSingleLinkedList.m */; };
		8E39227B1C64B528005757CD /* CCSinglyNode.m in Sources */ = {isa = PBXBuildFile; fileRef = 8E39227A1C64B528005757CD /* CCSinglyNode.m */; };
		8E56FB901C622ED800C16A7F /* main.m in Sources */ = {isa = PBXBuildFile; fileRef = 8E56FB8F1C622ED800C16A7F /* main.m */; };
		8E56FB981C622F3D00C16A7F /* CCDeque.m in Sources */ = {isa = PBXBuildFile; fileRef = 8E56FB971C622F3D00C16A7F /* CCDeque.m */; };
		8E56FB9C1C62520A00C16A7F /* CCDoublyNode.m in Sources */ = {isa = PBXBuildFile; fileRef = 8E56FB9B1C62520A00C16A7F /* CCDoublyNode.m */; };
/* End PBXBuildFile section */

/* Begin PBXCopyFilesBuildPhase section */
		8E56FB8A1C622ED800C16A7F /* CopyFiles */ = {
			isa = PBXCopyFilesBuildPhase;
			buildActionMask = 2147483647;
			dstPath = /usr/share/man/man1/;
			dstSubfolderSpec = 0;
			files = (
			);
			runOnlyForDeploymentPostprocessing = 1;
		};
/* End PBXCopyFilesBuildPhase section */

/* Begin PBXFileReference section */
		8E3922751C64B4BF005757CD /* CCSingleLinkedList.h */ = {isa = PBXFileReference; fileEncoding = 4; lastKnownFileType = sourcecode.c.h; name = CCSingleLinkedList.h; path = SingleLinkedList/CCSingleLinkedList.h; sourceTree = "<group>"; };
		8E3922761C64B4BF005757CD /* CCSingleLinkedList.m */ = {isa = PBXFileReference; fileEncoding = 4; lastKnownFileType = sourcecode.c.objc; name = CCSingleLinkedList.m; path = SingleLinkedList/CCSingleLinkedList.m; sourceTree = "<group>"; };
		8E3922791C64B528005757CD /* CCSinglyNode.h */ = {isa = PBXFileReference; fileEncoding = 4; lastKnownFileType = sourcecode.c.h; name = CCSinglyNode.h; path = Node/CCSinglyNode.h; sourceTree = "<group>"; };
		8E39227A1C64B528005757CD /* CCSinglyNode.m */ = {isa = PBXFileReference; fileEncoding = 4; lastKnownFileType = sourcecode.c.objc; name = CCSinglyNode.m; path = Node/CCSinglyNode.m; sourceTree = "<group>"; };
		8E56FB8C1C622ED800C16A7F /* CustomCollection */ = {isa = PBXFileReference; explicitFileType = "compiled.mach-o.executable"; includeInIndex = 0; path = CustomCollection; sourceTree = BUILT_PRODUCTS_DIR; };
		8E56FB8F1C622ED800C16A7F /* main.m */ = {isa = PBXFileReference; lastKnownFileType = sourcecode.c.objc; path = main.m; sourceTree = "<group>"; };
		8E56FB961C622F3D00C16A7F /* CCDeque.h */ = {isa = PBXFileReference; fileEncoding = 4; lastKnownFileType = sourcecode.c.h; name = CCDeque.h; path = Deque/CCDeque.h; sourceTree = "<group>"; };
		8E56FB971C622F3D00C16A7F /* CCDeque.m */ = {isa = PBXFileReference; fileEncoding = 4; lastKnownFileType = sourcecode.c.objc; name = CCDeque.m; path = Deque/CCDeque.m; sourceTree = "<group>"; };
		8E56FB9A1C62520A00C16A7F /* CCDoublyNode.h */ = {isa = PBXFileReference; fileEncoding = 4; lastKnownFileType = sourcecode.c.h; name = CCDoublyNode.h; path = Node/CCDoublyNode.h; sourceTree = "<group>"; };
		8E56FB9B1C62520A00C16A7F /* CCDoublyNode.m */ = {isa = PBXFileReference; fileEncoding = 4; lastKnownFileType = sourcecode.c.objc; name = CCDoublyNode.m; path = Node/CCDoublyNode.m; sourceTree = "<group>"; };
/* End PBXFileReference section */

/* Begin PBXFrameworksBuildPhase section */
		8E56FB891C622ED800C16A7F /* Frameworks */ = {
			isa = PBXFrameworksBuildPhase;
			buildActionMask = 2147483647;
			files = (
			);
			runOnlyForDeploymentPostprocessing = 0;
		};
/* End PBXFrameworksBuildPhase section */

/* Begin PBXGroup section */
		8E3922781C64B4C4005757CD /* SingleLinkedList */ = {
			isa = PBXGroup;
			children = (
				8E3922751C64B4BF005757CD /* CCSingleLinkedList.h */,
				8E3922761C64B4BF005757CD /* CCSingleLinkedList.m */,
			);
			name = SingleLinkedList;
			sourceTree = "<group>";
		};
		8E56FB831C622ED800C16A7F = {
			isa = PBXGroup;
			children = (
				8E56FB8E1C622ED800C16A7F /* CustomCollection */,
				8E56FB8D1C622ED800C16A7F /* Products */,
			);
			sourceTree = "<group>";
		};
		8E56FB8D1C622ED800C16A7F /* Products */ = {
			isa = PBXGroup;
			children = (
				8E56FB8C1C622ED800C16A7F /* CustomCollection */,
			);
			name = Products;
			sourceTree = "<group>";
		};
		8E56FB8E1C622ED800C16A7F /* CustomCollection */ = {
			isa = PBXGroup;
			children = (
				8E56FB8F1C622ED800C16A7F /* main.m */,
				8E56FB9D1C62520E00C16A7F /* Nodes */,
				8E56FB991C622F4500C16A7F /* Deque */,
				8E3922781C64B4C4005757CD /* SingleLinkedList */,
			);
			path = CustomCollection;
			sourceTree = "<group>";
		};
		8E56FB991C622F4500C16A7F /* Deque */ = {
			isa = PBXGroup;
			children = (
				8E56FB961C622F3D00C16A7F /* CCDeque.h */,
				8E56FB971C622F3D00C16A7F /* CCDeque.m */,
			);
			name = Deque;
			sourceTree = "<group>";
		};
		8E56FB9D1C62520E00C16A7F /* Nodes */ = {
			isa = PBXGroup;
			children = (
				8E56FB9A1C62520A00C16A7F /* CCDoublyNode.h */,
				8E56FB9B1C62520A00C16A7F /* CCDoublyNode.m */,
				8E3922791C64B528005757CD /* CCSinglyNode.h */,
				8E39227A1C64B528005757CD /* CCSinglyNode.m */,
			);
			name = Nodes;
			sourceTree = "<group>";
		};
/* End PBXGroup section */

/* Begin PBXNativeTarget section */
		8E56FB8B1C622ED800C16A7F /* CustomCollection */ = {
			isa = PBXNativeTarget;
			buildConfigurationList = 8E56FB931C622ED800C16A7F /* Build configuration list for PBXNativeTarget "CustomCollection" */;
			buildPhases = (
				8E56FB881C622ED800C16A7F /* Sources */,
				8E56FB891C622ED800C16A7F /* Frameworks */,
				8E56FB8A1C622ED800C16A7F /* CopyFiles */,
			);
			buildRules = (
			);
			dependencies = (
			);
			name = CustomCollection;
			productName = CustomCollection;
			productReference = 8E56FB8C1C622ED800C16A7F /* CustomCollection */;
			productType = "com.apple.product-type.tool";
		};
/* End PBXNativeTarget section */

/* Begin PBXProject section */
		8E56FB841C622ED800C16A7F /* Project object */ = {
			isa = PBXProject;
			attributes = {
				CLASSPREFIX = CC;
				LastUpgradeCheck = 0720;
				ORGANIZATIONNAME = Cleveroad;
				TargetAttributes = {
					8E56FB8B1C622ED800C16A7F = {
						CreatedOnToolsVersion = 7.2.1;
					};
				};
			};
			buildConfigurationList = 8E56FB871C622ED800C16A7F /* Build configuration list for PBXProject "CustomCollection" */;
			compatibilityVersion = "Xcode 3.2";
			developmentRegion = English;
			hasScannedForEncodings = 0;
			knownRegions = (
				en,
			);
			mainGroup = 8E56FB831C622ED800C16A7F;
			productRefGroup = 8E56FB8D1C622ED800C16A7F /* Products */;
			projectDirPath = "";
			projectRoot = "";
			targets = (
				8E56FB8B1C622ED800C16A7F /* CustomCollection */,
			);
		};
/* End PBXProject section */

/* Begin PBXSourcesBuildPhase section */
		8E56FB881C622ED800C16A7F /* Sources */ = {
			isa = PBXSourcesBuildPhase;
			buildActionMask = 2147483647;
			files = (
				8E56FB981C622F3D00C16A7F /* CCDeque.m in Sources */,
				8E56FB9C1C62520A00C16A7F /* CCDoublyNode.m in Sources */,
				8E39227B1C64B528005757CD /* CCSinglyNode.m in Sources */,
				8E3922771C64B4BF005757CD /* CCSingleLinkedList.m in Sources */,
				8E56FB901C622ED800C16A7F /* main.m in Sources */,
			);
			runOnlyForDeploymentPostprocessing = 0;
		};
/* End PBXSourcesBuildPhase section */

/* Begin XCBuildConfiguration section */
		8E56FB911C622ED800C16A7F /* Debug */ = {
			isa = XCBuildConfiguration;
			buildSettings = {
				ALWAYS_SEARCH_USER_PATHS = NO;
				CLANG_CXX_LANGUAGE_STANDARD = "gnu++0x";
				CLANG_CXX_LIBRARY = "libc++";
				CLANG_ENABLE_MODULES = YES;
				CLANG_ENABLE_OBJC_ARC = YES;
				CLANG_WARN_BOOL_CONVERSION = YES;
				CLANG_WARN_CONSTANT_CONVERSION = YES;
				CLANG_WARN_DIRECT_OBJC_ISA_USAGE = YES_ERROR;
				CLANG_WARN_EMPTY_BODY = YES;
				CLANG_WARN_ENUM_CONVERSION = YES;
				CLANG_WARN_INT_CONVERSION = YES;
				CLANG_WARN_OBJC_ROOT_CLASS = YES_ERROR;
				CLANG_WARN_UNREACHABLE_CODE = YES;
				CLANG_WARN__DUPLICATE_METHOD_MATCH = YES;
				CODE_SIGN_IDENTITY = "-";
				COPY_PHASE_STRIP = NO;
				DEBUG_INFORMATION_FORMAT = dwarf;
				ENABLE_STRICT_OBJC_MSGSEND = YES;
				ENABLE_TESTABILITY = YES;
				GCC_C_LANGUAGE_STANDARD = gnu99;
				GCC_DYNAMIC_NO_PIC = NO;
				GCC_NO_COMMON_BLOCKS = YES;
				GCC_OPTIMIZATION_LEVEL = 0;
				GCC_PREPROCESSOR_DEFINITIONS = (
					"DEBUG=1",
					"$(inherited)",
				);
				GCC_WARN_64_TO_32_BIT_CONVERSION = YES;
				GCC_WARN_ABOUT_RETURN_TYPE = YES_ERROR;
				GCC_WARN_UNDECLARED_SELECTOR = YES;
				GCC_WARN_UNINITIALIZED_AUTOS = YES_AGGRESSIVE;
				GCC_WARN_UNUSED_FUNCTION = YES;
				GCC_WARN_UNUSED_VARIABLE = YES;
				MACOSX_DEPLOYMENT_TARGET = 10.11;
				MTL_ENABLE_DEBUG_INFO = YES;
				ONLY_ACTIVE_ARCH = YES;
				SDKROOT = macosx;
			};
			name = Debug;
		};
		8E56FB921C622ED800C16A7F /* Release */ = {
			isa = XCBuildConfiguration;
			buildSettings = {
				ALWAYS_SEARCH_USER_PATHS = NO;
				CLANG_CXX_LANGUAGE_STANDARD = "gnu++0x";
				CLANG_CXX_LIBRARY = "libc++";
				CLANG_ENABLE_MODULES = YES;
				CLANG_ENABLE_OBJC_ARC = YES;
				CLANG_WARN_BOOL_CONVERSION = YES;
				CLANG_WARN_CONSTANT_CONVERSION = YES;
				CLANG_WARN_DIRECT_OBJC_ISA_USAGE = YES_ERROR;
				CLANG_WARN_EMPTY_BODY = YES;
				CLANG_WARN_ENUM_CONVERSION = YES;
				CLANG_WARN_INT_CONVERSION = YES;
				CLANG_WARN_OBJC_ROOT_CLASS = YES_ERROR;
				CLANG_WARN_UNREACHABLE_CODE = YES;
				CLANG_WARN__DUPLICATE_METHOD_MATCH = YES;
				CODE_SIGN_IDENTITY = "-";
				COPY_PHASE_STRIP = NO;
				DEBUG_INFORMATION_FORMAT = "dwarf-with-dsym";
				ENABLE_NS_ASSERTIONS = NO;
				ENABLE_STRICT_OBJC_MSGSEND = YES;
				GCC_C_LANGUAGE_STANDARD = gnu99;
				GCC_NO_COMMON_BLOCKS = YES;
				GCC_WARN_64_TO_32_BIT_CONVERSION = YES;
				GCC_WARN_ABOUT_RETURN_TYPE = YES_ERROR;
				GCC_WARN_UNDECLARED_SELECTOR = YES;
				GCC_WARN_UNINITIALIZED_AUTOS = YES_AGGRESSIVE;
				GCC_WARN_UNUSED_FUNCTION = YES;
				GCC_WARN_UNUSED_VARIABLE = YES;
				MACOSX_DEPLOYMENT_TARGET = 10.11;
				MTL_ENABLE_DEBUG_INFO = NO;
				SDKROOT = macosx;
			};
			name = Release;
		};
		8E56FB941C622ED800C16A7F /* Debug */ = {
			isa = XCBuildConfiguration;
			buildSettings = {
				PRODUCT_NAME = "$(TARGET_NAME)";
			};
			name = Debug;
		};
		8E56FB951C622ED800C16A7F /* Release */ = {
			isa = XCBuildConfiguration;
			buildSettings = {
				PRODUCT_NAME = "$(TARGET_NAME)";
			};
			name = Release;
		};
/* End XCBuildConfiguration section */

/* Begin XCConfigurationList section */
		8E56FB871C622ED800C16A7F /* Build configuration list for PBXProject "CustomCollection" */ = {
			isa = XCConfigurationList;
			buildConfigurations = (
				8E56FB911C622ED800C16A7F /* Debug */,
				8E56FB921C622ED800C16A7F /* Release */,
			);
			defaultConfigurationIsVisible = 0;
			defaultConfigurationName = Release;
		};
		8E56FB931C622ED800C16A7F /* Build configuration list for PBXNativeTarget "CustomCollection" */ = {
			isa = XCConfigurationList;
			buildConfigurations = (
				8E56FB941C622ED800C16A7F /* Debug */,
				8E56FB951C622ED800C16A7F /* Release */,
			);
			defaultConfigurationIsVisible = 0;
			defaultConfigurationName = Release;
		};
/* End XCConfigurationList section */
	};
	rootObject = 8E56FB841C622ED800C16A7F /* Project object */;
}
